
Microsoft Visual Studio Solution File, Format Version 12.00
# Visual Studio 15
VisualStudioVersion = 15.0.28010.2050
MinimumVisualStudioVersion = 10.0.40219.1
Project("{FAE04EC0-301F-11D3-BF4B-00C04F79EFBC}") = "Test", "Test\Test.csproj", "{73DE3FB1-18FB-43FC-964F-7F73D3EA96BE}"
EndProject
Global
	GlobalSection(SolutionConfigurationPlatforms) = preSolution
		Debug|Any CPU = Debug|Any CPU
		Release|Any CPU = Release|Any CPU
	EndGlobalSection
	GlobalSection(ProjectConfigurationPlatforms) = postSolution
		{73DE3FB1-18FB-43FC-964F-7F73D3EA96BE}.Debug|Any CPU.ActiveCfg = Debug|Any CPU
		{73DE3FB1-18FB-43FC-964F-7F73D3EA96BE}.Debug|Any CPU.Build.0 = Debug|Any CPU
		{73DE3FB1-18FB-43FC-964F-7F73D3EA96BE}.Release|Any CPU.ActiveCfg = Release|Any CPU
		{73DE3FB1-18FB-43FC-964F-7F73D3EA96BE}.Release|Any CPU.Build.0 = Release|Any CPU
	EndGlobalSection
	GlobalSection(SolutionProperties) = preSolution
		HideSolutionNode = FALSE
	EndGlobalSection
	GlobalSection(ExtensibilityGlobals) = postSolution
		SolutionGuid = {04E4680B-1BCF-4F54-8AAA-6B8F3D8B731D}
	EndGlobalSection
EndGlobal
